
Microsoft Visual Studio Solution File, Format Version 12.00
# Visual Studio Version 17
VisualStudioVersion = 17.4.33205.214
MinimumVisualStudioVersion = 10.0.40219.1
Project("{FAE04EC0-301F-11D3-BF4B-00C04F79EFBC}") = "Poemify.MVC", "Poemify.MVC\Poemify.MVC.csproj", "{295CA541-B83F-443F-922B-63668521A9A9}"
EndProject
Project("{FAE04EC0-301F-11D3-BF4B-00C04F79EFBC}") = "Poemify.DAL", "Poemify.DAL\Poemify.DAL.csproj", "{DF2FAD0B-903F-4F88-A899-943A2FA49516}"
EndProject
Project("{FAE04EC0-301F-11D3-BF4B-00C04F79EFBC}") = "Poemify.BLL", "Poemify.BLL\Poemify.BLL.csproj", "{9053A1AF-CDD1-4C34-B3FF-8940B233A370}"
EndProject
Global
	GlobalSection(SolutionConfigurationPlatforms) = preSolution
		Debug|Any CPU = Debug|Any CPU
		Release|Any CPU = Release|Any CPU
	EndGlobalSection
	GlobalSection(ProjectConfigurationPlatforms) = postSolution
		{295CA541-B83F-443F-922B-63668521A9A9}.Debug|Any CPU.ActiveCfg = Debug|Any CPU
		{295CA541-B83F-443F-922B-63668521A9A9}.Debug|Any CPU.Build.0 = Debug|Any CPU
		{295CA541-B83F-443F-922B-63668521A9A9}.Release|Any CPU.ActiveCfg = Release|Any CPU
		{295CA541-B83F-443F-922B-63668521A9A9}.Release|Any CPU.Build.0 = Release|Any CPU
		{DF2FAD0B-903F-4F88-A899-943A2FA49516}.Debug|Any CPU.ActiveCfg = Debug|Any CPU
		{DF2FAD0B-903F-4F88-A899-943A2FA49516}.Debug|Any CPU.Build.0 = Debug|Any CPU
		{DF2FAD0B-903F-4F88-A899-943A2FA49516}.Release|Any CPU.ActiveCfg = Release|Any CPU
		{DF2FAD0B-903F-4F88-A899-943A2FA49516}.Release|Any CPU.Build.0 = Release|Any CPU
		{9053A1AF-CDD1-4C34-B3FF-8940B233A370}.Debug|Any CPU.ActiveCfg = Debug|Any CPU
		{9053A1AF-CDD1-4C34-B3FF-8940B233A370}.Debug|Any CPU.Build.0 = Debug|Any CPU
		{9053A1AF-CDD1-4C34-B3FF-8940B233A370}.Release|Any CPU.ActiveCfg = Release|Any CPU
		{9053A1AF-CDD1-4C34-B3FF-8940B233A370}.Release|Any CPU.Build.0 = Release|Any CPU
	EndGlobalSection
	GlobalSection(SolutionProperties) = preSolution
		HideSolutionNode = FALSE
	EndGlobalSection
	GlobalSection(ExtensibilityGlobals) = postSolution
		SolutionGuid = {B32D6081-921C-48F2-A7B4-6FB4FBAF36AC}
	EndGlobalSection
EndGlobal
